
Microsoft Visual Studio Solution File, Format Version 12.00
# Visual Studio Version 16
VisualStudioVersion = 16.0.33529.622
MinimumVisualStudioVersion = 10.0.40219.1
Project("{FAE04EC0-301F-11D3-BF4B-00C04F79EFBC}") = "Pixel_Jam_Avril_2023", "Pixel_Jam_Avril_2023\Pixel_Jam_Avril_2023.csproj", "{05624B60-08E0-4091-A8D8-18568A551E5B}"
EndProject
Global
	GlobalSection(SolutionConfigurationPlatforms) = preSolution
		Debug|Any CPU = Debug|Any CPU
		Release|Any CPU = Release|Any CPU
	EndGlobalSection
	GlobalSection(ProjectConfigurationPlatforms) = postSolution
		{05624B60-08E0-4091-A8D8-18568A551E5B}.Debug|Any CPU.ActiveCfg = Debug|Any CPU
		{05624B60-08E0-4091-A8D8-18568A551E5B}.Debug|Any CPU.Build.0 = Debug|Any CPU
		{05624B60-08E0-4091-A8D8-18568A551E5B}.Release|Any CPU.ActiveCfg = Release|Any CPU
		{05624B60-08E0-4091-A8D8-18568A551E5B}.Release|Any CPU.Build.0 = Release|Any CPU
	EndGlobalSection
	GlobalSection(SolutionProperties) = preSolution
		HideSolutionNode = FALSE
	EndGlobalSection
	GlobalSection(ExtensibilityGlobals) = postSolution
		SolutionGuid = {A3888502-594F-4F41-A583-9660A077CF7F}
	EndGlobalSection
EndGlobal
